
Microsoft Visual Studio Solution File, Format Version 12.00
# Visual Studio Version 17
VisualStudioVersion = 17.3.32922.545
MinimumVisualStudioVersion = 10.0.40219.1
Project("{FAE04EC0-301F-11D3-BF4B-00C04F79EFBC}") = "RealEstate.PresentationLayer", "RealEstate.Presantation\RealEstate.PresentationLayer.csproj", "{8B389623-2A2E-46FB-8D66-2BCE16F17BBA}"
EndProject
Project("{FAE04EC0-301F-11D3-BF4B-00C04F79EFBC}") = "RealEstate.DataAccessLayer", "RealEstate.DataAccessLayer\RealEstate.DataAccessLayer.csproj", "{EF4BC47C-D5DA-4717-9709-57076DF31D77}"
EndProject
Project("{FAE04EC0-301F-11D3-BF4B-00C04F79EFBC}") = "RealEstate.BusinessLayer", "RealEstate.BusinessLayer\RealEstate.BusinessLayer.csproj", "{5A31875C-3EC8-4BC2-87D9-3D0DB8A31C04}"
EndProject
Project("{FAE04EC0-301F-11D3-BF4B-00C04F79EFBC}") = "RealEstate.EntityLayer", "RealEstate.EntityLayer\RealEstate.EntityLayer.csproj", "{507A2B22-03CB-4F89-83E8-AAC0C5A91D77}"
EndProject
Global
	GlobalSection(SolutionConfigurationPlatforms) = preSolution
		Debug|Any CPU = Debug|Any CPU
		Release|Any CPU = Release|Any CPU
	EndGlobalSection
	GlobalSection(ProjectConfigurationPlatforms) = postSolution
		{8B389623-2A2E-46FB-8D66-2BCE16F17BBA}.Debug|Any CPU.ActiveCfg = Debug|Any CPU
		{8B389623-2A2E-46FB-8D66-2BCE16F17BBA}.Debug|Any CPU.Build.0 = Debug|Any CPU
		{8B389623-2A2E-46FB-8D66-2BCE16F17BBA}.Release|Any CPU.ActiveCfg = Release|Any CPU
		{8B389623-2A2E-46FB-8D66-2BCE16F17BBA}.Release|Any CPU.Build.0 = Release|Any CPU
		{EF4BC47C-D5DA-4717-9709-57076DF31D77}.Debug|Any CPU.ActiveCfg = Debug|Any CPU
		{EF4BC47C-D5DA-4717-9709-57076DF31D77}.Debug|Any CPU.Build.0 = Debug|Any CPU
		{EF4BC47C-D5DA-4717-9709-57076DF31D77}.Release|Any CPU.ActiveCfg = Release|Any CPU
		{EF4BC47C-D5DA-4717-9709-57076DF31D77}.Release|Any CPU.Build.0 = Release|Any CPU
		{5A31875C-3EC8-4BC2-87D9-3D0DB8A31C04}.Debug|Any CPU.ActiveCfg = Debug|Any CPU
		{5A31875C-3EC8-4BC2-87D9-3D0DB8A31C04}.Debug|Any CPU.Build.0 = Debug|Any CPU
		{5A31875C-3EC8-4BC2-87D9-3D0DB8A31C04}.Release|Any CPU.ActiveCfg = Release|Any CPU
		{5A31875C-3EC8-4BC2-87D9-3D0DB8A31C04}.Release|Any CPU.Build.0 = Release|Any CPU
		{507A2B22-03CB-4F89-83E8-AAC0C5A91D77}.Debug|Any CPU.ActiveCfg = Debug|Any CPU
		{507A2B22-03CB-4F89-83E8-AAC0C5A91D77}.Debug|Any CPU.Build.0 = Debug|Any CPU
		{507A2B22-03CB-4F89-83E8-AAC0C5A91D77}.Release|Any CPU.ActiveCfg = Release|Any CPU
		{507A2B22-03CB-4F89-83E8-AAC0C5A91D77}.Release|Any CPU.Build.0 = Release|Any CPU
	EndGlobalSection
	GlobalSection(SolutionProperties) = preSolution
		HideSolutionNode = FALSE
	EndGlobalSection
	GlobalSection(ExtensibilityGlobals) = postSolution
		SolutionGuid = {2A04B862-BA7A-43CE-8052-E0B825F9B2E7}
	EndGlobalSection
EndGlobal
